# This file is automatically @generated by Poetry 1.8.4 and should not be changed by hand.

[[package]]
name = "colorama"
version = "0.4.6"
description = "Cross-platform colored terminal text."
optional = false
python-versions = "!=3.0.*,!=3.1.*,!=3.2.*,!=3.3.*,!=3.4.*,!=3.5.*,!=3.6.*,>=2.7"
files = [
    {file = "colorama-0.4.6-py2.py3-none-any.whl", hash = "sha256:4f1d9991f5acc0ca119f9d443620b77f9d6b33703e51011c16baf57afb285fc6"},
    {file = "colorama-0.4.6.tar.gz", hash = "sha256:08695f5cb7ed6e0531a20572697297273c47b8cae5a63ffc6d6ed5c201be6e44"},
]

[[package]]
name = "colorzero"
version = "2.0"
description = "Yet another Python color library"
optional = false
python-versions = "*"
files = [
    {file = "colorzero-2.0-py2.py3-none-any.whl", hash = "sha256:0e60d743a6b8071498a56465f7719c96a5e92928f858bab1be2a0d606c9aa0f8"},
    {file = "colorzero-2.0.tar.gz", hash = "sha256:e7d5a5c26cd0dc37b164ebefc609f388de24f8593b659191e12d85f8f9d5eb58"},
]

[package.dependencies]
setuptools = "*"

[package.extras]
doc = ["pkginfo", "sphinx", "sphinx-rtd-theme"]
test = ["pytest", "pytest-cov"]

[[package]]
name = "gpiozero"
version = "2.0.1"
description = "A simple interface to GPIO devices with Raspberry Pi"
optional = false
python-versions = ">=3.9"
files = [
    {file = "gpiozero-2.0.1-py3-none-any.whl", hash = "sha256:8f621de357171d574c0b7ea0e358cb66e560818a47b0eeedf41ce1cdbd20c70b"},
    {file = "gpiozero-2.0.1.tar.gz", hash = "sha256:d4ea1952689ec7e331f9d4ebc9adb15f1d01c2c9dcfabb72e752c9869ab7e97e"},
]

[package.dependencies]
colorzero = "*"

[package.extras]
doc = ["sphinx (>=4.0)", "sphinx-rtd-theme (>=1.0)"]
test = ["pytest", "pytest-cov"]

[[package]]
name = "iniconfig"
version = "2.0.0"
description = "brain-dead simple config-ini parsing"
optional = false
python-versions = ">=3.7"
files = [
    {file = "iniconfig-2.0.0-py3-none-any.whl", hash = "sha256:b6a85871a79d2e3b22d2d1b94ac2824226a63c6b741c88f7ae975f18b6778374"},
    {file = "iniconfig-2.0.0.tar.gz", hash = "sha256:2d91e135bf72d31a410b17c16da610a82cb55f6b0477d1a902134b24a455b8b3"},
]

[[package]]
name = "lgpio"
version = "0.2.2.0"
description = "Linux SBC GPIO module"
optional = false
python-versions = "*"
files = [
    {file = "lgpio-0.2.2.0-cp310-cp310-linux_armv7l.whl", hash = "sha256:97fe5fb0e888c96031e8899e8c0eca64c63076a6d1f1e774acad8696430b2ff6"},
    {file = "lgpio-0.2.2.0-cp310-cp310-manylinux_2_34_aarch64.whl", hash = "sha256:f8f1a2818ed4293182999679ac8559aea70d45743f5a3ae8025837e529d9e0d4"},
    {file = "lgpio-0.2.2.0-cp310-cp310-manylinux_2_34_x86_64.whl", hash = "sha256:d245f315e4bc5ba1b72df9fd935a16c99e56ccf6b41d9f66a87804c1dfd91c86"},
    {file = "lgpio-0.2.2.0-cp311-cp311-linux_armv7l.whl", hash = "sha256:5b3c403e1fba9c17d178f1bde102726c548fc5c4fc1ccf5ec3e18f3c08e07e04"},
    {file = "lgpio-0.2.2.0-cp311-cp311-manylinux_2_34_aarch64.whl", hash = "sha256:a2f71fb95b149d8ac82c7c6bae70f054f6dc42a006ad35c90c7d8e54921fbcf4"},
    {file = "lgpio-0.2.2.0-cp311-cp311-manylinux_2_34_x86_64.whl", hash = "sha256:e9f4f3915abe5ae0ffdb4b96f485076d80a663876d839e2d3fd9218a71b9873e"},
    {file = "lgpio-0.2.2.0-cp312-cp312-linux_armv7l.whl", hash = "sha256:6c65ac42e878764d04a71ed12fe6d46089b36e9e8127722bf29bb2e4bc91de22"},
    {file = "lgpio-0.2.2.0-cp312-cp312-manylinux_2_34_aarch64.whl", hash = "sha256:d907db79292c721c605af08187385ddb3b7af09907e1ffca56cf0cd6558ace0a"},
    {file = "lgpio-0.2.2.0-cp312-cp312-manylinux_2_34_x86_64.whl", hash = "sha256:2aadff092f642fcdada8457c158f87259dfda3a89ec19bae0b99ff22b34aac4b"},
    {file = "lgpio-0.2.2.0-cp39-cp39-linux_armv7l.whl", hash = "sha256:1594dd4fdf054ff396bf0730802732c26aa2040d6c70250d0d34f703baafd121"},
    {file = "lgpio-0.2.2.0-cp39-cp39-manylinux_2_34_aarch64.whl", hash = "sha256:9ed135824c717901457dcf2462bb1af9f5445aa6e56bb7a9263fc064620ef586"},
    {file = "lgpio-0.2.2.0-cp39-cp39-manylinux_2_34_x86_64.whl", hash = "sha256:f95d6a6db23f99e745e0aee36cd49a515dd6846a5ddb49474c73a390bb2048e2"},
    {file = "lgpio-0.2.2.0.tar.gz", hash = "sha256:11372e653b200f76a0b3ef8a23a0735c85ec678a9f8550b9893151ed0f863fff"},
]

[[package]]
name = "packaging"
version = "24.2"
description = "Core utilities for Python packages"
optional = false
python-versions = ">=3.8"
files = [
    {file = "packaging-24.2-py3-none-any.whl", hash = "sha256:09abb1bccd265c01f4a3aa3f7a7db064b36514d2cba19a2f694fe6150451a759"},
    {file = "packaging-24.2.tar.gz", hash = "sha256:c228a6dc5e932d346bc5739379109d49e8853dd8223571c7c5b55260edc0b97f"},
]

[[package]]
name = "pluggy"
version = "1.5.0"
description = "plugin and hook calling mechanisms for python"
optional = false
python-versions = ">=3.8"
files = [
    {file = "pluggy-1.5.0-py3-none-any.whl", hash = "sha256:44e1ad92c8ca002de6377e165f3e0f1be63266ab4d554740532335b9d75ea669"},
    {file = "pluggy-1.5.0.tar.gz", hash = "sha256:2cffa88e94fdc978c4c574f15f9e59b7f4201d439195c3715ca9e2486f1d0cf1"},
]

[package.extras]
dev = ["pre-commit", "tox"]
testing = ["pytest", "pytest-benchmark"]

[[package]]
name = "pytest"
version = "8.3.3"
description = "pytest: simple powerful testing with Python"
optional = false
python-versions = ">=3.8"
files = [
    {file = "pytest-8.3.3-py3-none-any.whl", hash = "sha256:a6853c7375b2663155079443d2e45de913a911a11d669df02a50814944db57b2"},
    {file = "pytest-8.3.3.tar.gz", hash = "sha256:70b98107bd648308a7952b06e6ca9a50bc660be218d53c257cc1fc94fda10181"},
]

[package.dependencies]
colorama = {version = "*", markers = "sys_platform == \"win32\""}
iniconfig = "*"
packaging = "*"
pluggy = ">=1.5,<2"

[package.extras]
dev = ["argcomplete", "attrs (>=19.2)", "hypothesis (>=3.56)", "mock", "pygments (>=2.7.2)", "requests", "setuptools", "xmlschema"]

[[package]]
name = "setuptools"
version = "75.5.0"
description = "Easily download, build, install, upgrade, and uninstall Python packages"
optional = false
python-versions = ">=3.9"
files = [
    {file = "setuptools-75.5.0-py3-none-any.whl", hash = "sha256:87cb777c3b96d638ca02031192d40390e0ad97737e27b6b4fa831bea86f2f829"},
    {file = "setuptools-75.5.0.tar.gz", hash = "sha256:5c4ccb41111392671f02bb5f8436dfc5a9a7185e80500531b133f5775c4163ef"},
]

[package.extras]
check = ["pytest-checkdocs (>=2.4)", "pytest-ruff (>=0.2.1)", "ruff (>=0.7.0)"]
core = ["importlib-metadata (>=6)", "jaraco.collections", "jaraco.functools (>=4)", "jaraco.text (>=3.7)", "more-itertools", "more-itertools (>=8.8)", "packaging", "packaging (>=24.2)", "platformdirs (>=4.2.2)", "tomli (>=2.0.1)", "wheel (>=0.43.0)"]
cover = ["pytest-cov"]
doc = ["furo", "jaraco.packaging (>=9.3)", "jaraco.tidelift (>=1.4)", "pygments-github-lexers (==0.0.5)", "pyproject-hooks (!=1.1)", "rst.linker (>=1.9)", "sphinx (>=3.5)", "sphinx-favicon", "sphinx-inline-tabs", "sphinx-lint", "sphinx-notfound-page (>=1,<2)", "sphinx-reredirects", "sphinxcontrib-towncrier", "towncrier (<24.7)"]
enabler = ["pytest-enabler (>=2.2)"]
test = ["build[virtualenv] (>=1.0.3)", "filelock (>=3.4.0)", "ini2toml[lite] (>=0.14)", "jaraco.develop (>=7.21)", "jaraco.envs (>=2.2)", "jaraco.path (>=3.2.0)", "jaraco.test (>=5.5)", "packaging (>=24.2)", "pip (>=19.1)", "pyproject-hooks (!=1.1)", "pytest (>=6,!=8.1.*)", "pytest-home (>=0.5)", "pytest-perf", "pytest-subprocess", "pytest-timeout", "pytest-xdist (>=3)", "tomli-w (>=1.0.0)", "virtualenv (>=13.0.0)", "wheel (>=0.44.0)"]
type = ["importlib-metadata (>=7.0.2)", "jaraco.develop (>=7.21)", "mypy (>=1.12,<1.14)", "pytest-mypy"]

[[package]]
name = "tornado"
version = "6.4.1"
description = "Tornado is a Python web framework and asynchronous networking library, originally developed at FriendFeed."
optional = false
python-versions = ">=3.8"
files = [
    {file = "tornado-6.4.1-cp38-abi3-macosx_10_9_universal2.whl", hash = "sha256:163b0aafc8e23d8cdc3c9dfb24c5368af84a81e3364745ccb4427669bf84aec8"},
    {file = "tornado-6.4.1-cp38-abi3-macosx_10_9_x86_64.whl", hash = "sha256:6d5ce3437e18a2b66fbadb183c1d3364fb03f2be71299e7d10dbeeb69f4b2a14"},
    {file = "tornado-6.4.1-cp38-abi3-manylinux_2_17_aarch64.manylinux2014_aarch64.whl", hash = "sha256:e2e20b9113cd7293f164dc46fffb13535266e713cdb87bd2d15ddb336e96cfc4"},
    {file = "tornado-6.4.1-cp38-abi3-manylinux_2_5_i686.manylinux1_i686.manylinux_2_17_i686.manylinux2014_i686.whl", hash = "sha256:8ae50a504a740365267b2a8d1a90c9fbc86b780a39170feca9bcc1787ff80842"},
    {file = "tornado-6.4.1-cp38-abi3-manylinux_2_5_x86_64.manylinux1_x86_64.manylinux_2_17_x86_64.manylinux2014_x86_64.whl", hash = "sha256:613bf4ddf5c7a95509218b149b555621497a6cc0d46ac341b30bd9ec19eac7f3"},
    {file = "tornado-6.4.1-cp38-abi3-musllinux_1_2_aarch64.whl", hash = "sha256:25486eb223babe3eed4b8aecbac33b37e3dd6d776bc730ca14e1bf93888b979f"},
    {file = "tornado-6.4.1-cp38-abi3-musllinux_1_2_i686.whl", hash = "sha256:454db8a7ecfcf2ff6042dde58404164d969b6f5d58b926da15e6b23817950fc4"},
    {file = "tornado-6.4.1-cp38-abi3-musllinux_1_2_x86_64.whl", hash = "sha256:a02a08cc7a9314b006f653ce40483b9b3c12cda222d6a46d4ac63bb6c9057698"},
    {file = "tornado-6.4.1-cp38-abi3-win32.whl", hash = "sha256:d9a566c40b89757c9aa8e6f032bcdb8ca8795d7c1a9762910c722b1635c9de4d"},
    {file = "tornado-6.4.1-cp38-abi3-win_amd64.whl", hash = "sha256:b24b8982ed444378d7f21d563f4180a2de31ced9d8d84443907a0a64da2072e7"},
    {file = "tornado-6.4.1.tar.gz", hash = "sha256:92d3ab53183d8c50f8204a51e6f91d18a15d5ef261e84d452800d4ff6fc504e9"},
]

[metadata]
lock-version = "2.0"
python-versions = "^3.11"
content-hash = "dc87c65b646915ab54073048ad96499948461fecffcf3eb3fb2fb35fd1978862"
